
Microsoft Visual Studio Solution File, Format Version 12.00
# Visual Studio Version 16
VisualStudioVersion = 16.0.30114.105
MinimumVisualStudioVersion = 10.0.40219.1
Project("{2150E333-8FDC-42A3-9474-1A3956D46DE8}") = "Service", "Service", "{CC445C6E-2DE1-4988-898B-550238B176D6}"
EndProject
Project("{2150E333-8FDC-42A3-9474-1A3956D46DE8}") = "Api", "Api", "{EE8C4537-E142-4553-9B46-5928A40CFBB0}"
EndProject
Project("{9A19103F-16F7-4668-BE54-9A1E7A4F7556}") = "Shopping", "Service\Api\Shopping\Shopping.csproj", "{0D8D8B71-E004-4102-9D30-79BBF8BFF1C4}"
EndProject
Project("{2150E333-8FDC-42A3-9474-1A3956D46DE8}") = "Src", "Src", "{7F99960C-8B06-4A6A-99B1-458C63A9ED47}"
EndProject
Project("{2150E333-8FDC-42A3-9474-1A3956D46DE8}") = "Applications", "Applications", "{11C93C93-78BC-4907-B306-C0736E2B32C5}"
EndProject
Project("{2150E333-8FDC-42A3-9474-1A3956D46DE8}") = "Customers", "Customers", "{63820119-63A5-4670-BE06-25DFDEA3AB85}"
EndProject
Project("{9A19103F-16F7-4668-BE54-9A1E7A4F7556}") = "AddressesCustomerApp", "Src\Applications\Customers\AddressesCustomerApp\AddressesCustomerApp.csproj", "{7C3E266A-1DDF-4766-9179-F5A2CC355F5C}"
EndProject
Project("{9A19103F-16F7-4668-BE54-9A1E7A4F7556}") = "CustomersApp", "Src\Applications\Customers\CustomersApp\CustomersApp.csproj", "{427BDCB4-2EF9-45C3-B219-DF71FD874740}"
EndProject
Project("{9A19103F-16F7-4668-BE54-9A1E7A4F7556}") = "SessionsApp", "Src\Applications\Customers\SessionsApp\SessionsApp.csproj", "{EDE6EC14-9E3C-43C7-83E9-2A3CFC755AB0}"
EndProject
Project("{2150E333-8FDC-42A3-9474-1A3956D46DE8}") = "Domains", "Domains", "{46BCE8D2-E406-4380-988C-B4B39F37836C}"
EndProject
Project("{9A19103F-16F7-4668-BE54-9A1E7A4F7556}") = "AddressesCustomer", "Src\Domains\AddressesCustomer\AddressesCustomer.csproj", "{9AAA34AE-77A6-41AA-B547-26FCFE9EA556}"
EndProject
Project("{9A19103F-16F7-4668-BE54-9A1E7A4F7556}") = "Customers", "Src\Domains\Customers\Customers.csproj", "{2E61A902-0FBD-4E75-8D64-8D58AE2FAC74}"
EndProject
Project("{9A19103F-16F7-4668-BE54-9A1E7A4F7556}") = "Products", "Src\Domains\Products\Products.csproj", "{48332CA3-4AC7-47CA-A20A-EF2AA46C9DEE}"
EndProject
Project("{9A19103F-16F7-4668-BE54-9A1E7A4F7556}") = "Sessions", "Src\Domains\Sessions\Sessions.csproj", "{65586D52-319C-4AED-BEDC-4DF831AEA425}"
EndProject
Project("{2150E333-8FDC-42A3-9474-1A3956D46DE8}") = "Infrastructures", "Infrastructures", "{2D59A56C-6271-4722-8A9A-087ECDB88986}"
EndProject
Project("{9A19103F-16F7-4668-BE54-9A1E7A4F7556}") = "InteliConnection", "Src\Infrastructures\InteliConnection\InteliConnection.csproj", "{24DF40FE-1648-4404-9E86-66F6BDA638F8}"
EndProject
Project("{2150E333-8FDC-42A3-9474-1A3956D46DE8}") = "Repositories", "Repositories", "{23747DB3-7EFA-4F38-BEBC-F5CBCD4E98F2}"
EndProject
Project("{9A19103F-16F7-4668-BE54-9A1E7A4F7556}") = "CustomersRepositories", "Src\Infrastructures\Repositories\CustomersRepositories\CustomersRepositories.csproj", "{55525A5B-720B-4E37-A9FC-659CFE57A967}"
EndProject
Project("{9A19103F-16F7-4668-BE54-9A1E7A4F7556}") = "GenericRepository", "Src\Infrastructures\Repositories\GenericRepository\GenericRepository.csproj", "{720CF6D7-8936-4277-8507-87A404CFD5BA}"
EndProject
Project("{9A19103F-16F7-4668-BE54-9A1E7A4F7556}") = "Utils", "Src\Utils\Utils.csproj", "{6F2D4495-D0E9-497B-B4A8-A486DE48E6BE}"
EndProject
Project("{FAE04EC0-301F-11D3-BF4B-00C04F79EFBC}") = "Utils.Dapper.Extensions", "Src\Utils.Dapper.Extensions\Utils.Dapper.Extensions.csproj", "{192F417C-A2C3-4CEA-AC7F-A1BB3E3BA8E3}"
EndProject
Global
	GlobalSection(SolutionConfigurationPlatforms) = preSolution
		Debug|Any CPU = Debug|Any CPU
		Debug|x64 = Debug|x64
		Debug|x86 = Debug|x86
		Release|Any CPU = Release|Any CPU
		Release|x64 = Release|x64
		Release|x86 = Release|x86
	EndGlobalSection
	GlobalSection(ProjectConfigurationPlatforms) = postSolution
		{0D8D8B71-E004-4102-9D30-79BBF8BFF1C4}.Debug|Any CPU.ActiveCfg = Debug|Any CPU
		{0D8D8B71-E004-4102-9D30-79BBF8BFF1C4}.Debug|Any CPU.Build.0 = Debug|Any CPU
		{0D8D8B71-E004-4102-9D30-79BBF8BFF1C4}.Debug|x64.ActiveCfg = Debug|Any CPU
		{0D8D8B71-E004-4102-9D30-79BBF8BFF1C4}.Debug|x64.Build.0 = Debug|Any CPU
		{0D8D8B71-E004-4102-9D30-79BBF8BFF1C4}.Debug|x86.ActiveCfg = Debug|Any CPU
		{0D8D8B71-E004-4102-9D30-79BBF8BFF1C4}.Debug|x86.Build.0 = Debug|Any CPU
		{0D8D8B71-E004-4102-9D30-79BBF8BFF1C4}.Release|Any CPU.ActiveCfg = Release|Any CPU
		{0D8D8B71-E004-4102-9D30-79BBF8BFF1C4}.Release|Any CPU.Build.0 = Release|Any CPU
		{0D8D8B71-E004-4102-9D30-79BBF8BFF1C4}.Release|x64.ActiveCfg = Release|Any CPU
		{0D8D8B71-E004-4102-9D30-79BBF8BFF1C4}.Release|x64.Build.0 = Release|Any CPU
		{0D8D8B71-E004-4102-9D30-79BBF8BFF1C4}.Release|x86.ActiveCfg = Release|Any CPU
		{0D8D8B71-E004-4102-9D30-79BBF8BFF1C4}.Release|x86.Build.0 = Release|Any CPU
		{7C3E266A-1DDF-4766-9179-F5A2CC355F5C}.Debug|Any CPU.ActiveCfg = Debug|Any CPU
		{7C3E266A-1DDF-4766-9179-F5A2CC355F5C}.Debug|Any CPU.Build.0 = Debug|Any CPU
		{7C3E266A-1DDF-4766-9179-F5A2CC355F5C}.Debug|x64.ActiveCfg = Debug|Any CPU
		{7C3E266A-1DDF-4766-9179-F5A2CC355F5C}.Debug|x64.Build.0 = Debug|Any CPU
		{7C3E266A-1DDF-4766-9179-F5A2CC355F5C}.Debug|x86.ActiveCfg = Debug|Any CPU
		{7C3E266A-1DDF-4766-9179-F5A2CC355F5C}.Debug|x86.Build.0 = Debug|Any CPU
		{7C3E266A-1DDF-4766-9179-F5A2CC355F5C}.Release|Any CPU.ActiveCfg = Release|Any CPU
		{7C3E266A-1DDF-4766-9179-F5A2CC355F5C}.Release|Any CPU.Build.0 = Release|Any CPU
		{7C3E266A-1DDF-4766-9179-F5A2CC355F5C}.Release|x64.ActiveCfg = Release|Any CPU
		{7C3E266A-1DDF-4766-9179-F5A2CC355F5C}.Release|x64.Build.0 = Release|Any CPU
		{7C3E266A-1DDF-4766-9179-F5A2CC355F5C}.Release|x86.ActiveCfg = Release|Any CPU
		{7C3E266A-1DDF-4766-9179-F5A2CC355F5C}.Release|x86.Build.0 = Release|Any CPU
		{427BDCB4-2EF9-45C3-B219-DF71FD874740}.Debug|Any CPU.ActiveCfg = Debug|Any CPU
		{427BDCB4-2EF9-45C3-B219-DF71FD874740}.Debug|Any CPU.Build.0 = Debug|Any CPU
		{427BDCB4-2EF9-45C3-B219-DF71FD874740}.Debug|x64.ActiveCfg = Debug|Any CPU
		{427BDCB4-2EF9-45C3-B219-DF71FD874740}.Debug|x64.Build.0 = Debug|Any CPU
		{427BDCB4-2EF9-45C3-B219-DF71FD874740}.Debug|x86.ActiveCfg = Debug|Any CPU
		{427BDCB4-2EF9-45C3-B219-DF71FD874740}.Debug|x86.Build.0 = Debug|Any CPU
		{427BDCB4-2EF9-45C3-B219-DF71FD874740}.Release|Any CPU.ActiveCfg = Release|Any CPU
		{427BDCB4-2EF9-45C3-B219-DF71FD874740}.Release|Any CPU.Build.0 = Release|Any CPU
		{427BDCB4-2EF9-45C3-B219-DF71FD874740}.Release|x64.ActiveCfg = Release|Any CPU
		{427BDCB4-2EF9-45C3-B219-DF71FD874740}.Release|x64.Build.0 = Release|Any CPU
		{427BDCB4-2EF9-45C3-B219-DF71FD874740}.Release|x86.ActiveCfg = Release|Any CPU
		{427BDCB4-2EF9-45C3-B219-DF71FD874740}.Release|x86.Build.0 = Release|Any CPU
		{EDE6EC14-9E3C-43C7-83E9-2A3CFC755AB0}.Debug|Any CPU.ActiveCfg = Debug|Any CPU
		{EDE6EC14-9E3C-43C7-83E9-2A3CFC755AB0}.Debug|Any CPU.Build.0 = Debug|Any CPU
		{EDE6EC14-9E3C-43C7-83E9-2A3CFC755AB0}.Debug|x64.ActiveCfg = Debug|Any CPU
		{EDE6EC14-9E3C-43C7-83E9-2A3CFC755AB0}.Debug|x64.Build.0 = Debug|Any CPU
		{EDE6EC14-9E3C-43C7-83E9-2A3CFC755AB0}.Debug|x86.ActiveCfg = Debug|Any CPU
		{EDE6EC14-9E3C-43C7-83E9-2A3CFC755AB0}.Debug|x86.Build.0 = Debug|Any CPU
		{EDE6EC14-9E3C-43C7-83E9-2A3CFC755AB0}.Release|Any CPU.ActiveCfg = Release|Any CPU
		{EDE6EC14-9E3C-43C7-83E9-2A3CFC755AB0}.Release|Any CPU.Build.0 = Release|Any CPU
		{EDE6EC14-9E3C-43C7-83E9-2A3CFC755AB0}.Release|x64.ActiveCfg = Release|Any CPU
		{EDE6EC14-9E3C-43C7-83E9-2A3CFC755AB0}.Release|x64.Build.0 = Release|Any CPU
		{EDE6EC14-9E3C-43C7-83E9-2A3CFC755AB0}.Release|x86.ActiveCfg = Release|Any CPU
		{EDE6EC14-9E3C-43C7-83E9-2A3CFC755AB0}.Release|x86.Build.0 = Release|Any CPU
		{9AAA34AE-77A6-41AA-B547-26FCFE9EA556}.Debug|Any CPU.ActiveCfg = Debug|Any CPU
		{9AAA34AE-77A6-41AA-B547-26FCFE9EA556}.Debug|Any CPU.Build.0 = Debug|Any CPU
		{9AAA34AE-77A6-41AA-B547-26FCFE9EA556}.Debug|x64.ActiveCfg = Debug|Any CPU
		{9AAA34AE-77A6-41AA-B547-26FCFE9EA556}.Debug|x64.Build.0 = Debug|Any CPU
		{9AAA34AE-77A6-41AA-B547-26FCFE9EA556}.Debug|x86.ActiveCfg = Debug|Any CPU
		{9AAA34AE-77A6-41AA-B547-26FCFE9EA556}.Debug|x86.Build.0 = Debug|Any CPU
		{9AAA34AE-77A6-41AA-B547-26FCFE9EA556}.Release|Any CPU.ActiveCfg = Release|Any CPU
		{9AAA34AE-77A6-41AA-B547-26FCFE9EA556}.Release|Any CPU.Build.0 = Release|Any CPU
		{9AAA34AE-77A6-41AA-B547-26FCFE9EA556}.Release|x64.ActiveCfg = Release|Any CPU
		{9AAA34AE-77A6-41AA-B547-26FCFE9EA556}.Release|x64.Build.0 = Release|Any CPU
		{9AAA34AE-77A6-41AA-B547-26FCFE9EA556}.Release|x86.ActiveCfg = Release|Any CPU
		{9AAA34AE-77A6-41AA-B547-26FCFE9EA556}.Release|x86.Build.0 = Release|Any CPU
		{2E61A902-0FBD-4E75-8D64-8D58AE2FAC74}.Debug|Any CPU.ActiveCfg = Debug|Any CPU
		{2E61A902-0FBD-4E75-8D64-8D58AE2FAC74}.Debug|Any CPU.Build.0 = Debug|Any CPU
		{2E61A902-0FBD-4E75-8D64-8D58AE2FAC74}.Debug|x64.ActiveCfg = Debug|Any CPU
		{2E61A902-0FBD-4E75-8D64-8D58AE2FAC74}.Debug|x64.Build.0 = Debug|Any CPU
		{2E61A902-0FBD-4E75-8D64-8D58AE2FAC74}.Debug|x86.ActiveCfg = Debug|Any CPU
		{2E61A902-0FBD-4E75-8D64-8D58AE2FAC74}.Debug|x86.Build.0 = Debug|Any CPU
		{2E61A902-0FBD-4E75-8D64-8D58AE2FAC74}.Release|Any CPU.ActiveCfg = Release|Any CPU
		{2E61A902-0FBD-4E75-8D64-8D58AE2FAC74}.Release|Any CPU.Build.0 = Release|Any CPU
		{2E61A902-0FBD-4E75-8D64-8D58AE2FAC74}.Release|x64.ActiveCfg = Release|Any CPU
		{2E61A902-0FBD-4E75-8D64-8D58AE2FAC74}.Release|x64.Build.0 = Release|Any CPU
		{2E61A902-0FBD-4E75-8D64-8D58AE2FAC74}.Release|x86.ActiveCfg = Release|Any CPU
		{2E61A902-0FBD-4E75-8D64-8D58AE2FAC74}.Release|x86.Build.0 = Release|Any CPU
		{48332CA3-4AC7-47CA-A20A-EF2AA46C9DEE}.Debug|Any CPU.ActiveCfg = Debug|Any CPU
		{48332CA3-4AC7-47CA-A20A-EF2AA46C9DEE}.Debug|Any CPU.Build.0 = Debug|Any CPU
		{48332CA3-4AC7-47CA-A20A-EF2AA46C9DEE}.Debug|x64.ActiveCfg = Debug|Any CPU
		{48332CA3-4AC7-47CA-A20A-EF2AA46C9DEE}.Debug|x64.Build.0 = Debug|Any CPU
		{48332CA3-4AC7-47CA-A20A-EF2AA46C9DEE}.Debug|x86.ActiveCfg = Debug|Any CPU
		{48332CA3-4AC7-47CA-A20A-EF2AA46C9DEE}.Debug|x86.Build.0 = Debug|Any CPU
		{48332CA3-4AC7-47CA-A20A-EF2AA46C9DEE}.Release|Any CPU.ActiveCfg = Release|Any CPU
		{48332CA3-4AC7-47CA-A20A-EF2AA46C9DEE}.Release|Any CPU.Build.0 = Release|Any CPU
		{48332CA3-4AC7-47CA-A20A-EF2AA46C9DEE}.Release|x64.ActiveCfg = Release|Any CPU
		{48332CA3-4AC7-47CA-A20A-EF2AA46C9DEE}.Release|x64.Build.0 = Release|Any CPU
		{48332CA3-4AC7-47CA-A20A-EF2AA46C9DEE}.Release|x86.ActiveCfg = Release|Any CPU
		{48332CA3-4AC7-47CA-A20A-EF2AA46C9DEE}.Release|x86.Build.0 = Release|Any CPU
		{65586D52-319C-4AED-BEDC-4DF831AEA425}.Debug|Any CPU.ActiveCfg = Debug|Any CPU
		{65586D52-319C-4AED-BEDC-4DF831AEA425}.Debug|Any CPU.Build.0 = Debug|Any CPU
		{65586D52-319C-4AED-BEDC-4DF831AEA425}.Debug|x64.ActiveCfg = Debug|Any CPU
		{65586D52-319C-4AED-BEDC-4DF831AEA425}.Debug|x64.Build.0 = Debug|Any CPU
		{65586D52-319C-4AED-BEDC-4DF831AEA425}.Debug|x86.ActiveCfg = Debug|Any CPU
		{65586D52-319C-4AED-BEDC-4DF831AEA425}.Debug|x86.Build.0 = Debug|Any CPU
		{65586D52-319C-4AED-BEDC-4DF831AEA425}.Release|Any CPU.ActiveCfg = Release|Any CPU
		{65586D52-319C-4AED-BEDC-4DF831AEA425}.Release|Any CPU.Build.0 = Release|Any CPU
		{65586D52-319C-4AED-BEDC-4DF831AEA425}.Release|x64.ActiveCfg = Release|Any CPU
		{65586D52-319C-4AED-BEDC-4DF831AEA425}.Release|x64.Build.0 = Release|Any CPU
		{65586D52-319C-4AED-BEDC-4DF831AEA425}.Release|x86.ActiveCfg = Release|Any CPU
		{65586D52-319C-4AED-BEDC-4DF831AEA425}.Release|x86.Build.0 = Release|Any CPU
		{24DF40FE-1648-4404-9E86-66F6BDA638F8}.Debug|Any CPU.ActiveCfg = Debug|Any CPU
		{24DF40FE-1648-4404-9E86-66F6BDA638F8}.Debug|Any CPU.Build.0 = Debug|Any CPU
		{24DF40FE-1648-4404-9E86-66F6BDA638F8}.Debug|x64.ActiveCfg = Debug|Any CPU
		{24DF40FE-1648-4404-9E86-66F6BDA638F8}.Debug|x64.Build.0 = Debug|Any CPU
		{24DF40FE-1648-4404-9E86-66F6BDA638F8}.Debug|x86.ActiveCfg = Debug|Any CPU
		{24DF40FE-1648-4404-9E86-66F6BDA638F8}.Debug|x86.Build.0 = Debug|Any CPU
		{24DF40FE-1648-4404-9E86-66F6BDA638F8}.Release|Any CPU.ActiveCfg = Release|Any CPU
		{24DF40FE-1648-4404-9E86-66F6BDA638F8}.Release|Any CPU.Build.0 = Release|Any CPU
		{24DF40FE-1648-4404-9E86-66F6BDA638F8}.Release|x64.ActiveCfg = Release|Any CPU
		{24DF40FE-1648-4404-9E86-66F6BDA638F8}.Release|x64.Build.0 = Release|Any CPU
		{24DF40FE-1648-4404-9E86-66F6BDA638F8}.Release|x86.ActiveCfg = Release|Any CPU
		{24DF40FE-1648-4404-9E86-66F6BDA638F8}.Release|x86.Build.0 = Release|Any CPU
		{55525A5B-720B-4E37-A9FC-659CFE57A967}.Debug|Any CPU.ActiveCfg = Debug|Any CPU
		{55525A5B-720B-4E37-A9FC-659CFE57A967}.Debug|Any CPU.Build.0 = Debug|Any CPU
		{55525A5B-720B-4E37-A9FC-659CFE57A967}.Debug|x64.ActiveCfg = Debug|Any CPU
		{55525A5B-720B-4E37-A9FC-659CFE57A967}.Debug|x64.Build.0 = Debug|Any CPU
		{55525A5B-720B-4E37-A9FC-659CFE57A967}.Debug|x86.ActiveCfg = Debug|Any CPU
		{55525A5B-720B-4E37-A9FC-659CFE57A967}.Debug|x86.Build.0 = Debug|Any CPU
		{55525A5B-720B-4E37-A9FC-659CFE57A967}.Release|Any CPU.ActiveCfg = Release|Any CPU
		{55525A5B-720B-4E37-A9FC-659CFE57A967}.Release|Any CPU.Build.0 = Release|Any CPU
		{55525A5B-720B-4E37-A9FC-659CFE57A967}.Release|x64.ActiveCfg = Release|Any CPU
		{55525A5B-720B-4E37-A9FC-659CFE57A967}.Release|x64.Build.0 = Release|Any CPU
		{55525A5B-720B-4E37-A9FC-659CFE57A967}.Release|x86.ActiveCfg = Release|Any CPU
		{55525A5B-720B-4E37-A9FC-659CFE57A967}.Release|x86.Build.0 = Release|Any CPU
		{720CF6D7-8936-4277-8507-87A404CFD5BA}.Debug|Any CPU.ActiveCfg = Debug|Any CPU
		{720CF6D7-8936-4277-8507-87A404CFD5BA}.Debug|Any CPU.Build.0 = Debug|Any CPU
		{720CF6D7-8936-4277-8507-87A404CFD5BA}.Debug|x64.ActiveCfg = Debug|Any CPU
		{720CF6D7-8936-4277-8507-87A404CFD5BA}.Debug|x64.Build.0 = Debug|Any CPU
		{720CF6D7-8936-4277-8507-87A404CFD5BA}.Debug|x86.ActiveCfg = Debug|Any CPU
		{720CF6D7-8936-4277-8507-87A404CFD5BA}.Debug|x86.Build.0 = Debug|Any CPU
		{720CF6D7-8936-4277-8507-87A404CFD5BA}.Release|Any CPU.ActiveCfg = Release|Any CPU
		{720CF6D7-8936-4277-8507-87A404CFD5BA}.Release|Any CPU.Build.0 = Release|Any CPU
		{720CF6D7-8936-4277-8507-87A404CFD5BA}.Release|x64.ActiveCfg = Release|Any CPU
		{720CF6D7-8936-4277-8507-87A404CFD5BA}.Release|x64.Build.0 = Release|Any CPU
		{720CF6D7-8936-4277-8507-87A404CFD5BA}.Release|x86.ActiveCfg = Release|Any CPU
		{720CF6D7-8936-4277-8507-87A404CFD5BA}.Release|x86.Build.0 = Release|Any CPU
		{6F2D4495-D0E9-497B-B4A8-A486DE48E6BE}.Debug|Any CPU.ActiveCfg = Debug|Any CPU
		{6F2D4495-D0E9-497B-B4A8-A486DE48E6BE}.Debug|Any CPU.Build.0 = Debug|Any CPU
		{6F2D4495-D0E9-497B-B4A8-A486DE48E6BE}.Debug|x64.ActiveCfg = Debug|Any CPU
		{6F2D4495-D0E9-497B-B4A8-A486DE48E6BE}.Debug|x64.Build.0 = Debug|Any CPU
		{6F2D4495-D0E9-497B-B4A8-A486DE48E6BE}.Debug|x86.ActiveCfg = Debug|Any CPU
		{6F2D4495-D0E9-497B-B4A8-A486DE48E6BE}.Debug|x86.Build.0 = Debug|Any CPU
		{6F2D4495-D0E9-497B-B4A8-A486DE48E6BE}.Release|Any CPU.ActiveCfg = Release|Any CPU
		{6F2D4495-D0E9-497B-B4A8-A486DE48E6BE}.Release|Any CPU.Build.0 = Release|Any CPU
		{6F2D4495-D0E9-497B-B4A8-A486DE48E6BE}.Release|x64.ActiveCfg = Release|Any CPU
		{6F2D4495-D0E9-497B-B4A8-A486DE48E6BE}.Release|x64.Build.0 = Release|Any CPU
		{6F2D4495-D0E9-497B-B4A8-A486DE48E6BE}.Release|x86.ActiveCfg = Release|Any CPU
		{6F2D4495-D0E9-497B-B4A8-A486DE48E6BE}.Release|x86.Build.0 = Release|Any CPU
		{192F417C-A2C3-4CEA-AC7F-A1BB3E3BA8E3}.Debug|Any CPU.ActiveCfg = Debug|Any CPU
		{192F417C-A2C3-4CEA-AC7F-A1BB3E3BA8E3}.Debug|Any CPU.Build.0 = Debug|Any CPU
		{192F417C-A2C3-4CEA-AC7F-A1BB3E3BA8E3}.Debug|x64.ActiveCfg = Debug|Any CPU
		{192F417C-A2C3-4CEA-AC7F-A1BB3E3BA8E3}.Debug|x64.Build.0 = Debug|Any CPU
		{192F417C-A2C3-4CEA-AC7F-A1BB3E3BA8E3}.Debug|x86.ActiveCfg = Debug|Any CPU
		{192F417C-A2C3-4CEA-AC7F-A1BB3E3BA8E3}.Debug|x86.Build.0 = Debug|Any CPU
		{192F417C-A2C3-4CEA-AC7F-A1BB3E3BA8E3}.Release|Any CPU.ActiveCfg = Release|Any CPU
		{192F417C-A2C3-4CEA-AC7F-A1BB3E3BA8E3}.Release|Any CPU.Build.0 = Release|Any CPU
		{192F417C-A2C3-4CEA-AC7F-A1BB3E3BA8E3}.Release|x64.ActiveCfg = Release|Any CPU
		{192F417C-A2C3-4CEA-AC7F-A1BB3E3BA8E3}.Release|x64.Build.0 = Release|Any CPU
		{192F417C-A2C3-4CEA-AC7F-A1BB3E3BA8E3}.Release|x86.ActiveCfg = Release|Any CPU
		{192F417C-A2C3-4CEA-AC7F-A1BB3E3BA8E3}.Release|x86.Build.0 = Release|Any CPU
	EndGlobalSection
	GlobalSection(SolutionProperties) = preSolution
		HideSolutionNode = FALSE
	EndGlobalSection
	GlobalSection(NestedProjects) = preSolution
		{EE8C4537-E142-4553-9B46-5928A40CFBB0} = {CC445C6E-2DE1-4988-898B-550238B176D6}
		{0D8D8B71-E004-4102-9D30-79BBF8BFF1C4} = {EE8C4537-E142-4553-9B46-5928A40CFBB0}
		{11C93C93-78BC-4907-B306-C0736E2B32C5} = {7F99960C-8B06-4A6A-99B1-458C63A9ED47}
		{63820119-63A5-4670-BE06-25DFDEA3AB85} = {11C93C93-78BC-4907-B306-C0736E2B32C5}
		{7C3E266A-1DDF-4766-9179-F5A2CC355F5C} = {63820119-63A5-4670-BE06-25DFDEA3AB85}
		{427BDCB4-2EF9-45C3-B219-DF71FD874740} = {63820119-63A5-4670-BE06-25DFDEA3AB85}
		{EDE6EC14-9E3C-43C7-83E9-2A3CFC755AB0} = {63820119-63A5-4670-BE06-25DFDEA3AB85}
		{46BCE8D2-E406-4380-988C-B4B39F37836C} = {7F99960C-8B06-4A6A-99B1-458C63A9ED47}
		{9AAA34AE-77A6-41AA-B547-26FCFE9EA556} = {46BCE8D2-E406-4380-988C-B4B39F37836C}
		{2E61A902-0FBD-4E75-8D64-8D58AE2FAC74} = {46BCE8D2-E406-4380-988C-B4B39F37836C}
		{48332CA3-4AC7-47CA-A20A-EF2AA46C9DEE} = {46BCE8D2-E406-4380-988C-B4B39F37836C}
		{65586D52-319C-4AED-BEDC-4DF831AEA425} = {46BCE8D2-E406-4380-988C-B4B39F37836C}
		{2D59A56C-6271-4722-8A9A-087ECDB88986} = {7F99960C-8B06-4A6A-99B1-458C63A9ED47}
		{24DF40FE-1648-4404-9E86-66F6BDA638F8} = {2D59A56C-6271-4722-8A9A-087ECDB88986}
		{23747DB3-7EFA-4F38-BEBC-F5CBCD4E98F2} = {2D59A56C-6271-4722-8A9A-087ECDB88986}
		{55525A5B-720B-4E37-A9FC-659CFE57A967} = {23747DB3-7EFA-4F38-BEBC-F5CBCD4E98F2}
		{720CF6D7-8936-4277-8507-87A404CFD5BA} = {23747DB3-7EFA-4F38-BEBC-F5CBCD4E98F2}
		{6F2D4495-D0E9-497B-B4A8-A486DE48E6BE} = {7F99960C-8B06-4A6A-99B1-458C63A9ED47}
		{192F417C-A2C3-4CEA-AC7F-A1BB3E3BA8E3} = {7F99960C-8B06-4A6A-99B1-458C63A9ED47}
	EndGlobalSection
	GlobalSection(ExtensibilityGlobals) = postSolution
		SolutionGuid = {C246174A-0460-4DCE-BAB2-46D33C4062D0}
	EndGlobalSection
EndGlobal
